
Microsoft Visual Studio Solution File, Format Version 12.00
# Visual Studio Version 17
VisualStudioVersion = 17.3.32929.385
MinimumVisualStudioVersion = 10.0.40219.1
Project("{FAE04EC0-301F-11D3-BF4B-00C04F79EFBC}") = "Sigma", "Sigma\Sigma.csproj", "{0A4B17B6-A2FC-4FE3-949D-D1ECC06A93AB}"
EndProject
Global
	GlobalSection(SolutionConfigurationPlatforms) = preSolution
		Debug|Any CPU = Debug|Any CPU
		Release|Any CPU = Release|Any CPU
	EndGlobalSection
	GlobalSection(ProjectConfigurationPlatforms) = postSolution
		{0A4B17B6-A2FC-4FE3-949D-D1ECC06A93AB}.Debug|Any CPU.ActiveCfg = Debug|Any CPU
		{0A4B17B6-A2FC-4FE3-949D-D1ECC06A93AB}.Debug|Any CPU.Build.0 = Debug|Any CPU
		{0A4B17B6-A2FC-4FE3-949D-D1ECC06A93AB}.Release|Any CPU.ActiveCfg = Release|Any CPU
		{0A4B17B6-A2FC-4FE3-949D-D1ECC06A93AB}.Release|Any CPU.Build.0 = Release|Any CPU
	EndGlobalSection
	GlobalSection(SolutionProperties) = preSolution
		HideSolutionNode = FALSE
	EndGlobalSection
	GlobalSection(ExtensibilityGlobals) = postSolution
		SolutionGuid = {551E2059-769A-4EC0-9295-22BAF252402C}
	EndGlobalSection
EndGlobal
